
Microsoft Visual Studio Solution File, Format Version 12.00
# Visual Studio Version 16
VisualStudioVersion = 16.0.31129.286
MinimumVisualStudioVersion = 10.0.40219.1
Project("{FAE04EC0-301F-11D3-BF4B-00C04F79EFBC}") = "task3(asterisk)", "task3(asterisk).csproj", "{49742FE9-E591-4DCE-8AB6-896278C37F8D}"
EndProject
Global
	GlobalSection(SolutionConfigurationPlatforms) = preSolution
		Debug|Any CPU = Debug|Any CPU
		Release|Any CPU = Release|Any CPU
	EndGlobalSection
	GlobalSection(ProjectConfigurationPlatforms) = postSolution
		{49742FE9-E591-4DCE-8AB6-896278C37F8D}.Debug|Any CPU.ActiveCfg = Debug|Any CPU
		{49742FE9-E591-4DCE-8AB6-896278C37F8D}.Debug|Any CPU.Build.0 = Debug|Any CPU
		{49742FE9-E591-4DCE-8AB6-896278C37F8D}.Release|Any CPU.ActiveCfg = Release|Any CPU
		{49742FE9-E591-4DCE-8AB6-896278C37F8D}.Release|Any CPU.Build.0 = Release|Any CPU
	EndGlobalSection
	GlobalSection(SolutionProperties) = preSolution
		HideSolutionNode = FALSE
	EndGlobalSection
	GlobalSection(ExtensibilityGlobals) = postSolution
		SolutionGuid = {A5ED5F1C-C6C6-41E2-A982-5C5526B668BD}
	EndGlobalSection
EndGlobal
