
Microsoft Visual Studio Solution File, Format Version 12.00
# Visual Studio Version 16
VisualStudioVersion = 16.0.31205.134
MinimumVisualStudioVersion = 10.0.40219.1
Project("{FAE04EC0-301F-11D3-BF4B-00C04F79EFBC}") = "task1", "task1.csproj", "{88616CC7-B4BC-4669-85B9-AF0C6401CBEF}"
EndProject
Global
	GlobalSection(SolutionConfigurationPlatforms) = preSolution
		Debug|Any CPU = Debug|Any CPU
		Release|Any CPU = Release|Any CPU
	EndGlobalSection
	GlobalSection(ProjectConfigurationPlatforms) = postSolution
		{88616CC7-B4BC-4669-85B9-AF0C6401CBEF}.Debug|Any CPU.ActiveCfg = Debug|Any CPU
		{88616CC7-B4BC-4669-85B9-AF0C6401CBEF}.Debug|Any CPU.Build.0 = Debug|Any CPU
		{88616CC7-B4BC-4669-85B9-AF0C6401CBEF}.Release|Any CPU.ActiveCfg = Release|Any CPU
		{88616CC7-B4BC-4669-85B9-AF0C6401CBEF}.Release|Any CPU.Build.0 = Release|Any CPU
	EndGlobalSection
	GlobalSection(SolutionProperties) = preSolution
		HideSolutionNode = FALSE
	EndGlobalSection
	GlobalSection(ExtensibilityGlobals) = postSolution
		SolutionGuid = {F499EBA0-594A-4158-B92F-108EF1AC88C5}
	EndGlobalSection
EndGlobal
