
Microsoft Visual Studio Solution File, Format Version 12.00
# Visual Studio Version 16
VisualStudioVersion = 16.0.31205.134
MinimumVisualStudioVersion = 10.0.40219.1
Project("{FAE04EC0-301F-11D3-BF4B-00C04F79EFBC}") = "task2", "task2.csproj", "{93169728-F113-4A38-9938-1DE9BEF2939A}"
EndProject
Global
	GlobalSection(SolutionConfigurationPlatforms) = preSolution
		Debug|Any CPU = Debug|Any CPU
		Release|Any CPU = Release|Any CPU
	EndGlobalSection
	GlobalSection(ProjectConfigurationPlatforms) = postSolution
		{93169728-F113-4A38-9938-1DE9BEF2939A}.Debug|Any CPU.ActiveCfg = Debug|Any CPU
		{93169728-F113-4A38-9938-1DE9BEF2939A}.Debug|Any CPU.Build.0 = Debug|Any CPU
		{93169728-F113-4A38-9938-1DE9BEF2939A}.Release|Any CPU.ActiveCfg = Release|Any CPU
		{93169728-F113-4A38-9938-1DE9BEF2939A}.Release|Any CPU.Build.0 = Release|Any CPU
	EndGlobalSection
	GlobalSection(SolutionProperties) = preSolution
		HideSolutionNode = FALSE
	EndGlobalSection
	GlobalSection(ExtensibilityGlobals) = postSolution
		SolutionGuid = {6A53C6AE-1280-45B2-A3D4-DAB206B03D0F}
	EndGlobalSection
EndGlobal
