
Microsoft Visual Studio Solution File, Format Version 12.00
# Visual Studio Version 16
VisualStudioVersion = 16.0.31205.134
MinimumVisualStudioVersion = 10.0.40219.1
Project("{FAE04EC0-301F-11D3-BF4B-00C04F79EFBC}") = "task1", "task1.csproj", "{120D1CCF-D82C-43FF-8F05-986A3FC8FC12}"
EndProject
Project("{FAE04EC0-301F-11D3-BF4B-00C04F79EFBC}") = "GreetingLibrary", "..\GreetingLibrary\GreetingLibrary.csproj", "{1AE39B03-2CE8-4FE2-BEFD-13340B424250}"
EndProject
Global
	GlobalSection(SolutionConfigurationPlatforms) = preSolution
		Debug|Any CPU = Debug|Any CPU
		Release|Any CPU = Release|Any CPU
	EndGlobalSection
	GlobalSection(ProjectConfigurationPlatforms) = postSolution
		{120D1CCF-D82C-43FF-8F05-986A3FC8FC12}.Debug|Any CPU.ActiveCfg = Debug|Any CPU
		{120D1CCF-D82C-43FF-8F05-986A3FC8FC12}.Debug|Any CPU.Build.0 = Debug|Any CPU
		{120D1CCF-D82C-43FF-8F05-986A3FC8FC12}.Release|Any CPU.ActiveCfg = Release|Any CPU
		{120D1CCF-D82C-43FF-8F05-986A3FC8FC12}.Release|Any CPU.Build.0 = Release|Any CPU
		{1AE39B03-2CE8-4FE2-BEFD-13340B424250}.Debug|Any CPU.ActiveCfg = Debug|Any CPU
		{1AE39B03-2CE8-4FE2-BEFD-13340B424250}.Debug|Any CPU.Build.0 = Debug|Any CPU
		{1AE39B03-2CE8-4FE2-BEFD-13340B424250}.Release|Any CPU.ActiveCfg = Release|Any CPU
		{1AE39B03-2CE8-4FE2-BEFD-13340B424250}.Release|Any CPU.Build.0 = Release|Any CPU
	EndGlobalSection
	GlobalSection(SolutionProperties) = preSolution
		HideSolutionNode = FALSE
	EndGlobalSection
	GlobalSection(ExtensibilityGlobals) = postSolution
		SolutionGuid = {CD1CC2F5-E1DD-4766-A34E-32DE7CBAD45B}
	EndGlobalSection
EndGlobal
