
Microsoft Visual Studio Solution File, Format Version 12.00
# Visual Studio Version 16
VisualStudioVersion = 16.0.31129.286
MinimumVisualStudioVersion = 10.0.40219.1
Project("{FAE04EC0-301F-11D3-BF4B-00C04F79EFBC}") = "task4", "task4.csproj", "{659062BB-8179-4D57-81EA-4A5A06704C37}"
EndProject
Global
	GlobalSection(SolutionConfigurationPlatforms) = preSolution
		Debug|Any CPU = Debug|Any CPU
		Release|Any CPU = Release|Any CPU
	EndGlobalSection
	GlobalSection(ProjectConfigurationPlatforms) = postSolution
		{659062BB-8179-4D57-81EA-4A5A06704C37}.Debug|Any CPU.ActiveCfg = Debug|Any CPU
		{659062BB-8179-4D57-81EA-4A5A06704C37}.Debug|Any CPU.Build.0 = Debug|Any CPU
		{659062BB-8179-4D57-81EA-4A5A06704C37}.Release|Any CPU.ActiveCfg = Release|Any CPU
		{659062BB-8179-4D57-81EA-4A5A06704C37}.Release|Any CPU.Build.0 = Release|Any CPU
	EndGlobalSection
	GlobalSection(SolutionProperties) = preSolution
		HideSolutionNode = FALSE
	EndGlobalSection
	GlobalSection(ExtensibilityGlobals) = postSolution
		SolutionGuid = {54CF8448-B06B-410B-B300-93DF59BFD888}
	EndGlobalSection
EndGlobal
